
Microsoft Visual Studio Solution File, Format Version 12.00
# Visual Studio Version 17
VisualStudioVersion = 17.0.31903.59
MinimumVisualStudioVersion = 10.0.40219.1
Project("{9A19103F-16F7-4668-BE54-9A1E7A4F7556}") = "ScreenSound", "ScreenSound\ScreenSound.csproj", "{A9CCE41C-6657-42BF-AED4-F3F578033037}"
EndProject
Project("{9A19103F-16F7-4668-BE54-9A1E7A4F7556}") = "ScreenSound.Api", "ScreenSound.Api\ScreenSound.Api.csproj", "{91B7D18D-2FB6-4BEB-BB18-3086545123FB}"
EndProject
Project("{9A19103F-16F7-4668-BE54-9A1E7A4F7556}") = "ScreenSound.Shared.Modelos", "ScreenSound.Shared\ScreenSound.Shared.Modelos.csproj", "{A554F383-5351-425C-864D-8E96152EA4A4}"
EndProject
Project("{FAE04EC0-301F-11D3-BF4B-00C04F79EFBC}") = "ScreenSound.Shared.Dados", "ScreenSound.Shared.Dados\ScreenSound.Shared.Dados.csproj", "{CD41E927-39FD-4ACA-9F65-844B8E265DE8}"
EndProject
Global
	GlobalSection(SolutionConfigurationPlatforms) = preSolution
		Debug|Any CPU = Debug|Any CPU
		Release|Any CPU = Release|Any CPU
	EndGlobalSection
	GlobalSection(ProjectConfigurationPlatforms) = postSolution
		{A9CCE41C-6657-42BF-AED4-F3F578033037}.Debug|Any CPU.ActiveCfg = Debug|Any CPU
		{A9CCE41C-6657-42BF-AED4-F3F578033037}.Debug|Any CPU.Build.0 = Debug|Any CPU
		{A9CCE41C-6657-42BF-AED4-F3F578033037}.Release|Any CPU.ActiveCfg = Release|Any CPU
		{A9CCE41C-6657-42BF-AED4-F3F578033037}.Release|Any CPU.Build.0 = Release|Any CPU
		{91B7D18D-2FB6-4BEB-BB18-3086545123FB}.Debug|Any CPU.ActiveCfg = Debug|Any CPU
		{91B7D18D-2FB6-4BEB-BB18-3086545123FB}.Debug|Any CPU.Build.0 = Debug|Any CPU
		{91B7D18D-2FB6-4BEB-BB18-3086545123FB}.Release|Any CPU.ActiveCfg = Release|Any CPU
		{91B7D18D-2FB6-4BEB-BB18-3086545123FB}.Release|Any CPU.Build.0 = Release|Any CPU
		{A554F383-5351-425C-864D-8E96152EA4A4}.Debug|Any CPU.ActiveCfg = Debug|Any CPU
		{A554F383-5351-425C-864D-8E96152EA4A4}.Debug|Any CPU.Build.0 = Debug|Any CPU
		{A554F383-5351-425C-864D-8E96152EA4A4}.Release|Any CPU.ActiveCfg = Release|Any CPU
		{A554F383-5351-425C-864D-8E96152EA4A4}.Release|Any CPU.Build.0 = Release|Any CPU
		{CD41E927-39FD-4ACA-9F65-844B8E265DE8}.Debug|Any CPU.ActiveCfg = Debug|Any CPU
		{CD41E927-39FD-4ACA-9F65-844B8E265DE8}.Debug|Any CPU.Build.0 = Debug|Any CPU
		{CD41E927-39FD-4ACA-9F65-844B8E265DE8}.Release|Any CPU.ActiveCfg = Release|Any CPU
		{CD41E927-39FD-4ACA-9F65-844B8E265DE8}.Release|Any CPU.Build.0 = Release|Any CPU
	EndGlobalSection
	GlobalSection(SolutionProperties) = preSolution
		HideSolutionNode = FALSE
	EndGlobalSection
	GlobalSection(ExtensibilityGlobals) = postSolution
		SolutionGuid = {E13C1AEA-3E66-4A53-8F6E-2C81EEFD2718}
	EndGlobalSection
EndGlobal
